// !$*UTF8*$!
{
	archiveVersion = 1;
	classes = {
	};
	objectVersion = 48;
	objects = {

/* Begin PBXBuildFile section */
		440948C620EAC67900C860E1 /* AppDelegate.swift in Sources */ = {isa = PBXBuildFile; fileRef = 440948C520EAC67900C860E1 /* AppDelegate.swift */; };
		440948C820EAC67900C860E1 /* HomeVC.swift in Sources */ = {isa = PBXBuildFile; fileRef = 440948C720EAC67900C860E1 /* HomeVC.swift */; };
		440948CB20EAC67900C860E1 /* Main.storyboard in Resources */ = {isa = PBXBuildFile; fileRef = 440948C920EAC67900C860E1 /* Main.storyboard */; };
		440948CD20EAC67900C860E1 /* Assets.xcassets in Resources */ = {isa = PBXBuildFile; fileRef = 440948CC20EAC67900C860E1 /* Assets.xcassets */; };
		440948D020EAC67900C860E1 /* LaunchScreen.storyboard in Resources */ = {isa = PBXBuildFile; fileRef = 440948CE20EAC67900C860E1 /* LaunchScreen.storyboard */; };
		440DEEA020EFE876003893F4 /* GradientView.swift in Sources */ = {isa = PBXBuildFile; fileRef = 440DEE9F20EFE876003893F4 /* GradientView.swift */; };
		440DEEA420F006BA003893F4 /* SwiftHEXColors.swift in Sources */ = {isa = PBXBuildFile; fileRef = 440DEEA320F006BA003893F4 /* SwiftHEXColors.swift */; };
		440DEEA620F00950003893F4 /* Card.swift in Sources */ = {isa = PBXBuildFile; fileRef = 440DEEA520F00950003893F4 /* Card.swift */; };
		440DEEAA20F0111E003893F4 /* RealmHelper.swift in Sources */ = {isa = PBXBuildFile; fileRef = 440DEEA920F0111E003893F4 /* RealmHelper.swift */; };
		4435E229210B921100FD042E /* HomeNC.swift in Sources */ = {isa = PBXBuildFile; fileRef = 4435E228210B921100FD042E /* HomeNC.swift */; };
		4435E22B210BB5D500FD042E /* CardsetInfoPlusButtonCell.swift in Sources */ = {isa = PBXBuildFile; fileRef = 4435E22A210BB5D500FD042E /* CardsetInfoPlusButtonCell.swift */; };
		44666BBB20F3FFC0007C6096 /* AddCardsetVC.swift in Sources */ = {isa = PBXBuildFile; fileRef = 44666BBA20F3FFC0007C6096 /* AddCardsetVC.swift */; };
		44666BBD20F40506007C6096 /* CardsetInfoVC.swift in Sources */ = {isa = PBXBuildFile; fileRef = 44666BBC20F40506007C6096 /* CardsetInfoVC.swift */; };
		44773D482112346A002C1B81 /* QuizQuestionVC.swift in Sources */ = {isa = PBXBuildFile; fileRef = 44773D472112346A002C1B81 /* QuizQuestionVC.swift */; };
		44773D4A2113732E002C1B81 /* Quizset.swift in Sources */ = {isa = PBXBuildFile; fileRef = 44773D492113732E002C1B81 /* Quizset.swift */; };
		44773D4C211373F9002C1B81 /* Quiz.swift in Sources */ = {isa = PBXBuildFile; fileRef = 44773D4B211373F9002C1B81 /* Quiz.swift */; };
		44773D4E2113795C002C1B81 /* Array+Shuffle.swift in Sources */ = {isa = PBXBuildFile; fileRef = 44773D4D2113795C002C1B81 /* Array+Shuffle.swift */; };
		44773D502114C97A002C1B81 /* UIView+Clone.swift in Sources */ = {isa = PBXBuildFile; fileRef = 44773D4F2114C97A002C1B81 /* UIView+Clone.swift */; };
		44773D522114D2F7002C1B81 /* Array+Safe.swift in Sources */ = {isa = PBXBuildFile; fileRef = 44773D512114D2F7002C1B81 /* Array+Safe.swift */; };
		44773D542114DD13002C1B81 /* QuizResultVC.swift in Sources */ = {isa = PBXBuildFile; fileRef = 44773D532114DD13002C1B81 /* QuizResultVC.swift */; };
		44773D562114DDBD002C1B81 /* SessionVC.swift in Sources */ = {isa = PBXBuildFile; fileRef = 44773D552114DDBD002C1B81 /* SessionVC.swift */; };
		447DEA4520EE9D23004D64F8 /* Roboto-Regular.ttf in Resources */ = {isa = PBXBuildFile; fileRef = 447DEA3920EE9D1E004D64F8 /* Roboto-Regular.ttf */; };
		447DEA4620EE9D23004D64F8 /* Roboto-Black.ttf in Resources */ = {isa = PBXBuildFile; fileRef = 447DEA3A20EE9D1E004D64F8 /* Roboto-Black.ttf */; };
		447DEA4720EE9D23004D64F8 /* Roboto-Medium.ttf in Resources */ = {isa = PBXBuildFile; fileRef = 447DEA3B20EE9D1E004D64F8 /* Roboto-Medium.ttf */; };
		447DEA4820EE9D23004D64F8 /* Roboto-Italic.ttf in Resources */ = {isa = PBXBuildFile; fileRef = 447DEA3C20EE9D1F004D64F8 /* Roboto-Italic.ttf */; };
		447DEA4920EE9D23004D64F8 /* Roboto-BoldItalic.ttf in Resources */ = {isa = PBXBuildFile; fileRef = 447DEA3D20EE9D1F004D64F8 /* Roboto-BoldItalic.ttf */; };
		447DEA4A20EE9D23004D64F8 /* Roboto-Bold.ttf in Resources */ = {isa = PBXBuildFile; fileRef = 447DEA3E20EE9D1F004D64F8 /* Roboto-Bold.ttf */; };
		447DEA4B20EE9D23004D64F8 /* Roboto-BlackItalic.ttf in Resources */ = {isa = PBXBuildFile; fileRef = 447DEA3F20EE9D20004D64F8 /* Roboto-BlackItalic.ttf */; };
		447DEA4C20EE9D23004D64F8 /* Roboto-Light.ttf in Resources */ = {isa = PBXBuildFile; fileRef = 447DEA4020EE9D20004D64F8 /* Roboto-Light.ttf */; };
		447DEA4D20EE9D23004D64F8 /* Roboto-LightItalic.ttf in Resources */ = {isa = PBXBuildFile; fileRef = 447DEA4120EE9D21004D64F8 /* Roboto-LightItalic.ttf */; };
		447DEA4E20EE9D23004D64F8 /* Roboto-MediumItalic.ttf in Resources */ = {isa = PBXBuildFile; fileRef = 447DEA4220EE9D22004D64F8 /* Roboto-MediumItalic.ttf */; };
		447DEA4F20EE9D23004D64F8 /* Roboto-Thin.ttf in Resources */ = {isa = PBXBuildFile; fileRef = 447DEA4320EE9D22004D64F8 /* Roboto-Thin.ttf */; };
		447DEA5020EE9D23004D64F8 /* Roboto-ThinItalic.ttf in Resources */ = {isa = PBXBuildFile; fileRef = 447DEA4420EE9D22004D64F8 /* Roboto-ThinItalic.ttf */; };
		447DEA5420EEB471004D64F8 /* Cardset.swift in Sources */ = {isa = PBXBuildFile; fileRef = 447DEA5320EEB471004D64F8 /* Cardset.swift */; };
		447DEA5620EEB588004D64F8 /* HomeCardsetCell.swift in Sources */ = {isa = PBXBuildFile; fileRef = 447DEA5520EEB588004D64F8 /* HomeCardsetCell.swift */; };
		447DEA5B20EEB616004D64F8 /* Gradient.swift in Sources */ = {isa = PBXBuildFile; fileRef = 447DEA5A20EEB616004D64F8 /* Gradient.swift */; };
		44A4B23C210FB17B00C6FEDD /* Utility.swift in Sources */ = {isa = PBXBuildFile; fileRef = 44A4B23B210FB17B00C6FEDD /* Utility.swift */; };
		44A4B23E210FBAC500C6FEDD /* SpeechHelper.swift in Sources */ = {isa = PBXBuildFile; fileRef = 44A4B23D210FBAC500C6FEDD /* SpeechHelper.swift */; };
		44A4B2402111087800C6FEDD /* UIFont+Bestfit.swift in Sources */ = {isa = PBXBuildFile; fileRef = 44A4B23F2111087800C6FEDD /* UIFont+Bestfit.swift */; };
		44A4B242211108F500C6FEDD /* UILabel+Bestfit.swift in Sources */ = {isa = PBXBuildFile; fileRef = 44A4B241211108F500C6FEDD /* UILabel+Bestfit.swift */; };
		44DAB814210A367F0069D315 /* UIView+RoundCorner.swift in Sources */ = {isa = PBXBuildFile; fileRef = 44DAB813210A367F0069D315 /* UIView+RoundCorner.swift */; };
		44DAB816210A37630069D315 /* CardsetInfoCardCell.swift in Sources */ = {isa = PBXBuildFile; fileRef = 44DAB815210A37630069D315 /* CardsetInfoCardCell.swift */; };
		44F70F43211122C40043B15D /* QuizService.swift in Sources */ = {isa = PBXBuildFile; fileRef = 44F70F42211122C40043B15D /* QuizService.swift */; };
		44F70F452112203C0043B15D /* TypeSelectionVC.swift in Sources */ = {isa = PBXBuildFile; fileRef = 44F70F442112203C0043B15D /* TypeSelectionVC.swift */; };
		44F70F472112204C0043B15D /* QuizStartVC.swift in Sources */ = {isa = PBXBuildFile; fileRef = 44F70F462112204C0043B15D /* QuizStartVC.swift */; };
		E8062BC0DF06DD311D2FA0BF /* Pods_Caiva_iOS.framework in Frameworks */ = {isa = PBXBuildFile; fileRef = DCF713D5BA196934229288E8 /* Pods_Caiva_iOS.framework */; };
/* End PBXBuildFile section */

/* Begin PBXFileReference section */
		440948C220EAC67900C860E1 /* Caiva_iOS.app */ = {isa = PBXFileReference; explicitFileType = wrapper.application; includeInIndex = 0; path = Caiva_iOS.app; sourceTree = BUILT_PRODUCTS_DIR; };
		440948C520EAC67900C860E1 /* AppDelegate.swift */ = {isa = PBXFileReference; lastKnownFileType = sourcecode.swift; path = AppDelegate.swift; sourceTree = "<group>"; };
		440948C720EAC67900C860E1 /* HomeVC.swift */ = {isa = PBXFileReference; lastKnownFileType = sourcecode.swift; path = HomeVC.swift; sourceTree = "<group>"; };
		440948CA20EAC67900C860E1 /* Base */ = {isa = PBXFileReference; lastKnownFileType = file.storyboard; name = Base; path = Base.lproj/Main.storyboard; sourceTree = "<group>"; };
		440948CC20EAC67900C860E1 /* Assets.xcassets */ = {isa = PBXFileReference; lastKnownFileType = folder.assetcatalog; path = Assets.xcassets; sourceTree = "<group>"; };
		440948CF20EAC67900C860E1 /* Base */ = {isa = PBXFileReference; lastKnownFileType = file.storyboard; name = Base; path = Base.lproj/LaunchScreen.storyboard; sourceTree = "<group>"; };
		440948D120EAC67900C860E1 /* Info.plist */ = {isa = PBXFileReference; lastKnownFileType = text.plist.xml; path = Info.plist; sourceTree = "<group>"; };
		440DEE9F20EFE876003893F4 /* GradientView.swift */ = {isa = PBXFileReference; fileEncoding = 4; lastKnownFileType = sourcecode.swift; path = GradientView.swift; sourceTree = "<group>"; };
		440DEEA320F006BA003893F4 /* SwiftHEXColors.swift */ = {isa = PBXFileReference; lastKnownFileType = sourcecode.swift; path = SwiftHEXColors.swift; sourceTree = "<group>"; };
		440DEEA520F00950003893F4 /* Card.swift */ = {isa = PBXFileReference; lastKnownFileType = sourcecode.swift; path = Card.swift; sourceTree = "<group>"; };
		440DEEA920F0111E003893F4 /* RealmHelper.swift */ = {isa = PBXFileReference; lastKnownFileType = sourcecode.swift; path = RealmHelper.swift; sourceTree = "<group>"; };
		4435E228210B921100FD042E /* HomeNC.swift */ = {isa = PBXFileReference; lastKnownFileType = sourcecode.swift; name = HomeNC.swift; path = Caiva_iOS/Controllers/HomeNC.swift; sourceTree = SOURCE_ROOT; };
		4435E22A210BB5D500FD042E /* CardsetInfoPlusButtonCell.swift */ = {isa = PBXFileReference; lastKnownFileType = sourcecode.swift; path = CardsetInfoPlusButtonCell.swift; sourceTree = "<group>"; };
		44666BBA20F3FFC0007C6096 /* AddCardsetVC.swift */ = {isa = PBXFileReference; lastKnownFileType = sourcecode.swift; path = AddCardsetVC.swift; sourceTree = "<group>"; };
		44666BBC20F40506007C6096 /* CardsetInfoVC.swift */ = {isa = PBXFileReference; lastKnownFileType = sourcecode.swift; path = CardsetInfoVC.swift; sourceTree = "<group>"; };
		44773D472112346A002C1B81 /* QuizQuestionVC.swift */ = {isa = PBXFileReference; lastKnownFileType = sourcecode.swift; path = QuizQuestionVC.swift; sourceTree = "<group>"; };
		44773D492113732E002C1B81 /* Quizset.swift */ = {isa = PBXFileReference; lastKnownFileType = sourcecode.swift; path = Quizset.swift; sourceTree = "<group>"; };
		44773D4B211373F9002C1B81 /* Quiz.swift */ = {isa = PBXFileReference; lastKnownFileType = sourcecode.swift; path = Quiz.swift; sourceTree = "<group>"; };
		44773D4D2113795C002C1B81 /* Array+Shuffle.swift */ = {isa = PBXFileReference; lastKnownFileType = sourcecode.swift; path = "Array+Shuffle.swift"; sourceTree = "<group>"; };
		44773D4F2114C97A002C1B81 /* UIView+Clone.swift */ = {isa = PBXFileReference; lastKnownFileType = sourcecode.swift; path = "UIView+Clone.swift"; sourceTree = "<group>"; };
		44773D512114D2F7002C1B81 /* Array+Safe.swift */ = {isa = PBXFileReference; lastKnownFileType = sourcecode.swift; path = "Array+Safe.swift"; sourceTree = "<group>"; };
		44773D532114DD13002C1B81 /* QuizResultVC.swift */ = {isa = PBXFileReference; lastKnownFileType = sourcecode.swift; path = QuizResultVC.swift; sourceTree = "<group>"; };
		44773D552114DDBD002C1B81 /* SessionVC.swift */ = {isa = PBXFileReference; lastKnownFileType = sourcecode.swift; path = SessionVC.swift; sourceTree = "<group>"; };
		447DEA3920EE9D1E004D64F8 /* Roboto-Regular.ttf */ = {isa = PBXFileReference; lastKnownFileType = file; path = "Roboto-Regular.ttf"; sourceTree = "<group>"; };
		447DEA3A20EE9D1E004D64F8 /* Roboto-Black.ttf */ = {isa = PBXFileReference; lastKnownFileType = file; path = "Roboto-Black.ttf"; sourceTree = "<group>"; };
		447DEA3B20EE9D1E004D64F8 /* Roboto-Medium.ttf */ = {isa = PBXFileReference; lastKnownFileType = file; path = "Roboto-Medium.ttf"; sourceTree = "<group>"; };
		447DEA3C20EE9D1F004D64F8 /* Roboto-Italic.ttf */ = {isa = PBXFileReference; lastKnownFileType = file; path = "Roboto-Italic.ttf"; sourceTree = "<group>"; };
		447DEA3D20EE9D1F004D64F8 /* Roboto-BoldItalic.ttf */ = {isa = PBXFileReference; lastKnownFileType = file; path = "Roboto-BoldItalic.ttf"; sourceTree = "<group>"; };
		447DEA3E20EE9D1F004D64F8 /* Roboto-Bold.ttf */ = {isa = PBXFileReference; lastKnownFileType = file; path = "Roboto-Bold.ttf"; sourceTree = "<group>"; };
		447DEA3F20EE9D20004D64F8 /* Roboto-BlackItalic.ttf */ = {isa = PBXFileReference; lastKnownFileType = file; path = "Roboto-BlackItalic.ttf"; sourceTree = "<group>"; };
		447DEA4020EE9D20004D64F8 /* Roboto-Light.ttf */ = {isa = PBXFileReference; lastKnownFileType = file; path = "Roboto-Light.ttf"; sourceTree = "<group>"; };
		447DEA4120EE9D21004D64F8 /* Roboto-LightItalic.ttf */ = {isa = PBXFileReference; lastKnownFileType = file; path = "Roboto-LightItalic.ttf"; sourceTree = "<group>"; };
		447DEA4220EE9D22004D64F8 /* Roboto-MediumItalic.ttf */ = {isa = PBXFileReference; lastKnownFileType = file; path = "Roboto-MediumItalic.ttf"; sourceTree = "<group>"; };
		447DEA4320EE9D22004D64F8 /* Roboto-Thin.ttf */ = {isa = PBXFileReference; lastKnownFileType = file; path = "Roboto-Thin.ttf"; sourceTree = "<group>"; };
		447DEA4420EE9D22004D64F8 /* Roboto-ThinItalic.ttf */ = {isa = PBXFileReference; lastKnownFileType = file; path = "Roboto-ThinItalic.ttf"; sourceTree = "<group>"; };
		447DEA5320EEB471004D64F8 /* Cardset.swift */ = {isa = PBXFileReference; lastKnownFileType = sourcecode.swift; path = Cardset.swift; sourceTree = "<group>"; };
		447DEA5520EEB588004D64F8 /* HomeCardsetCell.swift */ = {isa = PBXFileReference; lastKnownFileType = sourcecode.swift; path = HomeCardsetCell.swift; sourceTree = "<group>"; };
		447DEA5A20EEB616004D64F8 /* Gradient.swift */ = {isa = PBXFileReference; lastKnownFileType = sourcecode.swift; path = Gradient.swift; sourceTree = "<group>"; };
		44A4B23B210FB17B00C6FEDD /* Utility.swift */ = {isa = PBXFileReference; lastKnownFileType = sourcecode.swift; path = Utility.swift; sourceTree = "<group>"; };
		44A4B23D210FBAC500C6FEDD /* SpeechHelper.swift */ = {isa = PBXFileReference; lastKnownFileType = sourcecode.swift; path = SpeechHelper.swift; sourceTree = "<group>"; };
		44A4B23F2111087800C6FEDD /* UIFont+Bestfit.swift */ = {isa = PBXFileReference; lastKnownFileType = sourcecode.swift; path = "UIFont+Bestfit.swift"; sourceTree = "<group>"; };
		44A4B241211108F500C6FEDD /* UILabel+Bestfit.swift */ = {isa = PBXFileReference; lastKnownFileType = sourcecode.swift; path = "UILabel+Bestfit.swift"; sourceTree = "<group>"; };
		44DAB813210A367F0069D315 /* UIView+RoundCorner.swift */ = {isa = PBXFileReference; lastKnownFileType = sourcecode.swift; path = "UIView+RoundCorner.swift"; sourceTree = "<group>"; };
		44DAB815210A37630069D315 /* CardsetInfoCardCell.swift */ = {isa = PBXFileReference; lastKnownFileType = sourcecode.swift; path = CardsetInfoCardCell.swift; sourceTree = "<group>"; };
		44F70F42211122C40043B15D /* QuizService.swift */ = {isa = PBXFileReference; lastKnownFileType = sourcecode.swift; path = QuizService.swift; sourceTree = "<group>"; };
		44F70F442112203C0043B15D /* TypeSelectionVC.swift */ = {isa = PBXFileReference; lastKnownFileType = sourcecode.swift; path = TypeSelectionVC.swift; sourceTree = "<group>"; };
		44F70F462112204C0043B15D /* QuizStartVC.swift */ = {isa = PBXFileReference; lastKnownFileType = sourcecode.swift; path = QuizStartVC.swift; sourceTree = "<group>"; };
		A4714CB34B78316538F042A2 /* Pods-Caiva_iOS.release.xcconfig */ = {isa = PBXFileReference; includeInIndex = 1; lastKnownFileType = text.xcconfig; name = "Pods-Caiva_iOS.release.xcconfig"; path = "Pods/Target Support Files/Pods-Caiva_iOS/Pods-Caiva_iOS.release.xcconfig"; sourceTree = "<group>"; };
		DCF713D5BA196934229288E8 /* Pods_Caiva_iOS.framework */ = {isa = PBXFileReference; explicitFileType = wrapper.framework; includeInIndex = 0; path = Pods_Caiva_iOS.framework; sourceTree = BUILT_PRODUCTS_DIR; };
		E2CAEBEF1F1155A6A3896D72 /* Pods-Caiva_iOS.debug.xcconfig */ = {isa = PBXFileReference; includeInIndex = 1; lastKnownFileType = text.xcconfig; name = "Pods-Caiva_iOS.debug.xcconfig"; path = "Pods/Target Support Files/Pods-Caiva_iOS/Pods-Caiva_iOS.debug.xcconfig"; sourceTree = "<group>"; };
/* End PBXFileReference section */

/* Begin PBXFrameworksBuildPhase section */
		440948BF20EAC67900C860E1 /* Frameworks */ = {
			isa = PBXFrameworksBuildPhase;
			buildActionMask = 2147483647;
			files = (
				E8062BC0DF06DD311D2FA0BF /* Pods_Caiva_iOS.framework in Frameworks */,
			);
			runOnlyForDeploymentPostprocessing = 0;
		};
/* End PBXFrameworksBuildPhase section */

/* Begin PBXGroup section */
		440948B920EAC67900C860E1 = {
			isa = PBXGroup;
			children = (
				440948C420EAC67900C860E1 /* Caiva_iOS */,
				440948C320EAC67900C860E1 /* Products */,
				E87B2680F9EC074D25E4A21C /* Pods */,
				8C1CE8663EC65BC2B7421E08 /* Frameworks */,
			);
			sourceTree = "<group>";
		};
		440948C320EAC67900C860E1 /* Products */ = {
			isa = PBXGroup;
			children = (
				440948C220EAC67900C860E1 /* Caiva_iOS.app */,
			);
			name = Products;
			sourceTree = "<group>";
		};
		440948C420EAC67900C860E1 /* Caiva_iOS */ = {
			isa = PBXGroup;
			children = (
				440948C520EAC67900C860E1 /* AppDelegate.swift */,
				447DEA5820EEB5ED004D64F8 /* Helpers */,
				447DEA5720EEB5E7004D64F8 /* Extensions */,
				447DEA3320EE9B31004D64F8 /* Controllers */,
				447DEA3620EE9B7A004D64F8 /* Views */,
				447DEA3520EE9B5D004D64F8 /* Services */,
				447DEA3220EE9B25004D64F8 /* Storyboards */,
				447DEA3820EE9CAE004D64F8 /* Models */,
				447DEA3720EE9CA8004D64F8 /* Resources */,
				440948CC20EAC67900C860E1 /* Assets.xcassets */,
				440948D120EAC67900C860E1 /* Info.plist */,
			);
			path = Caiva_iOS;
			sourceTree = "<group>";
		};
		447DEA3220EE9B25004D64F8 /* Storyboards */ = {
			isa = PBXGroup;
			children = (
				440948CE20EAC67900C860E1 /* LaunchScreen.storyboard */,
				440948C920EAC67900C860E1 /* Main.storyboard */,
			);
			path = Storyboards;
			sourceTree = "<group>";
		};
		447DEA3320EE9B31004D64F8 /* Controllers */ = {
			isa = PBXGroup;
			children = (
				440948C720EAC67900C860E1 /* HomeVC.swift */,
				44773D552114DDBD002C1B81 /* SessionVC.swift */,
				44666BBA20F3FFC0007C6096 /* AddCardsetVC.swift */,
				44F70F442112203C0043B15D /* TypeSelectionVC.swift */,
				44773D532114DD13002C1B81 /* QuizResultVC.swift */,
				44F70F462112204C0043B15D /* QuizStartVC.swift */,
				44666BBC20F40506007C6096 /* CardsetInfoVC.swift */,
				4435E228210B921100FD042E /* HomeNC.swift */,
				44773D472112346A002C1B81 /* QuizQuestionVC.swift */,
			);
			path = Controllers;
			sourceTree = "<group>";
		};
		447DEA3520EE9B5D004D64F8 /* Services */ = {
			isa = PBXGroup;
			children = (
				44F70F42211122C40043B15D /* QuizService.swift */,
			);
			path = Services;
			sourceTree = "<group>";
		};
		447DEA3620EE9B7A004D64F8 /* Views */ = {
			isa = PBXGroup;
			children = (
				447DEA5520EEB588004D64F8 /* HomeCardsetCell.swift */,
				44DAB815210A37630069D315 /* CardsetInfoCardCell.swift */,
				4435E22A210BB5D500FD042E /* CardsetInfoPlusButtonCell.swift */,
			);
			path = Views;
			sourceTree = "<group>";
		};
		447DEA3720EE9CA8004D64F8 /* Resources */ = {
			isa = PBXGroup;
			children = (
				447DEA3A20EE9D1E004D64F8 /* Roboto-Black.ttf */,
				447DEA3F20EE9D20004D64F8 /* Roboto-BlackItalic.ttf */,
				447DEA3E20EE9D1F004D64F8 /* Roboto-Bold.ttf */,
				447DEA3D20EE9D1F004D64F8 /* Roboto-BoldItalic.ttf */,
				447DEA3C20EE9D1F004D64F8 /* Roboto-Italic.ttf */,
				447DEA4020EE9D20004D64F8 /* Roboto-Light.ttf */,
				447DEA4120EE9D21004D64F8 /* Roboto-LightItalic.ttf */,
				447DEA3B20EE9D1E004D64F8 /* Roboto-Medium.ttf */,
				447DEA4220EE9D22004D64F8 /* Roboto-MediumItalic.ttf */,
				447DEA3920EE9D1E004D64F8 /* Roboto-Regular.ttf */,
				447DEA4320EE9D22004D64F8 /* Roboto-Thin.ttf */,
				447DEA4420EE9D22004D64F8 /* Roboto-ThinItalic.ttf */,
			);
			path = Resources;
			sourceTree = "<group>";
		};
		447DEA3820EE9CAE004D64F8 /* Models */ = {
			isa = PBXGroup;
			children = (
				447DEA5320EEB471004D64F8 /* Cardset.swift */,
				44773D492113732E002C1B81 /* Quizset.swift */,
				440DEEA520F00950003893F4 /* Card.swift */,
				44773D4B211373F9002C1B81 /* Quiz.swift */,
			);
			path = Models;
			sourceTree = "<group>";
		};
		447DEA5720EEB5E7004D64F8 /* Extensions */ = {
			isa = PBXGroup;
			children = (
				440DEEA320F006BA003893F4 /* SwiftHEXColors.swift */,
				44773D4D2113795C002C1B81 /* Array+Shuffle.swift */,
				44773D4F2114C97A002C1B81 /* UIView+Clone.swift */,
				44A4B241211108F500C6FEDD /* UILabel+Bestfit.swift */,
				44A4B23F2111087800C6FEDD /* UIFont+Bestfit.swift */,
				44DAB813210A367F0069D315 /* UIView+RoundCorner.swift */,
				44773D512114D2F7002C1B81 /* Array+Safe.swift */,
			);
			path = Extensions;
			sourceTree = "<group>";
		};
		447DEA5820EEB5ED004D64F8 /* Helpers */ = {
			isa = PBXGroup;
			children = (
				447DEA5A20EEB616004D64F8 /* Gradient.swift */,
				44A4B23D210FBAC500C6FEDD /* SpeechHelper.swift */,
				44A4B23B210FB17B00C6FEDD /* Utility.swift */,
				440DEEA920F0111E003893F4 /* RealmHelper.swift */,
				440DEE9F20EFE876003893F4 /* GradientView.swift */,
			);
			path = Helpers;
			sourceTree = "<group>";
		};
		8C1CE8663EC65BC2B7421E08 /* Frameworks */ = {
			isa = PBXGroup;
			children = (
				DCF713D5BA196934229288E8 /* Pods_Caiva_iOS.framework */,
			);
			name = Frameworks;
			sourceTree = "<group>";
		};
		E87B2680F9EC074D25E4A21C /* Pods */ = {
			isa = PBXGroup;
			children = (
				E2CAEBEF1F1155A6A3896D72 /* Pods-Caiva_iOS.debug.xcconfig */,
				A4714CB34B78316538F042A2 /* Pods-Caiva_iOS.release.xcconfig */,
			);
			name = Pods;
			sourceTree = "<group>";
		};
/* End PBXGroup section */

/* Begin PBXNativeTarget section */
		440948C120EAC67900C860E1 /* Caiva_iOS */ = {
			isa = PBXNativeTarget;
			buildConfigurationList = 440948D420EAC67900C860E1 /* Build configuration list for PBXNativeTarget "Caiva_iOS" */;
			buildPhases = (
				E43EF3008529CF935A3534CE /* [CP] Check Pods Manifest.lock */,
				440948BE20EAC67900C860E1 /* Sources */,
				440948BF20EAC67900C860E1 /* Frameworks */,
				440948C020EAC67900C860E1 /* Resources */,
				D51DB2A85B77BB99939E6C0E /* [CP] Embed Pods Frameworks */,
			);
			buildRules = (
			);
			dependencies = (
			);
			name = Caiva_iOS;
			productName = Caiva_iOS;
			productReference = 440948C220EAC67900C860E1 /* Caiva_iOS.app */;
			productType = "com.apple.product-type.application";
		};
/* End PBXNativeTarget section */

/* Begin PBXProject section */
		440948BA20EAC67900C860E1 /* Project object */ = {
			isa = PBXProject;
			attributes = {
				LastSwiftUpdateCheck = 0920;
				LastUpgradeCheck = 0920;
				ORGANIZATIONNAME = Bluemountain;
				TargetAttributes = {
					440948C120EAC67900C860E1 = {
						CreatedOnToolsVersion = 9.2;
						ProvisioningStyle = Automatic;
						SystemCapabilities = {
							com.apple.BackgroundModes = {
								enabled = 1;
							};
						};
					};
				};
			};
			buildConfigurationList = 440948BD20EAC67900C860E1 /* Build configuration list for PBXProject "Caiva_iOS" */;
			compatibilityVersion = "Xcode 8.0";
			developmentRegion = en;
			hasScannedForEncodings = 0;
			knownRegions = (
				en,
				Base,
			);
			mainGroup = 440948B920EAC67900C860E1;
			productRefGroup = 440948C320EAC67900C860E1 /* Products */;
			projectDirPath = "";
			projectRoot = "";
			targets = (
				440948C120EAC67900C860E1 /* Caiva_iOS */,
			);
		};
/* End PBXProject section */

/* Begin PBXResourcesBuildPhase section */
		440948C020EAC67900C860E1 /* Resources */ = {
			isa = PBXResourcesBuildPhase;
			buildActionMask = 2147483647;
			files = (
				447DEA5020EE9D23004D64F8 /* Roboto-ThinItalic.ttf in Resources */,
				447DEA4F20EE9D23004D64F8 /* Roboto-Thin.ttf in Resources */,
				440948D020EAC67900C860E1 /* LaunchScreen.storyboard in Resources */,
				440948CD20EAC67900C860E1 /* Assets.xcassets in Resources */,
				447DEA4E20EE9D23004D64F8 /* Roboto-MediumItalic.ttf in Resources */,
				447DEA4D20EE9D23004D64F8 /* Roboto-LightItalic.ttf in Resources */,
				447DEA4920EE9D23004D64F8 /* Roboto-BoldItalic.ttf in Resources */,
				447DEA4C20EE9D23004D64F8 /* Roboto-Light.ttf in Resources */,
				447DEA4720EE9D23004D64F8 /* Roboto-Medium.ttf in Resources */,
				447DEA4620EE9D23004D64F8 /* Roboto-Black.ttf in Resources */,
				447DEA4A20EE9D23004D64F8 /* Roboto-Bold.ttf in Resources */,
				447DEA4820EE9D23004D64F8 /* Roboto-Italic.ttf in Resources */,
				447DEA4B20EE9D23004D64F8 /* Roboto-BlackItalic.ttf in Resources */,
				447DEA4520EE9D23004D64F8 /* Roboto-Regular.ttf in Resources */,
				440948CB20EAC67900C860E1 /* Main.storyboard in Resources */,
			);
			runOnlyForDeploymentPostprocessing = 0;
		};
/* End PBXResourcesBuildPhase section */

/* Begin PBXShellScriptBuildPhase section */
		D51DB2A85B77BB99939E6C0E /* [CP] Embed Pods Frameworks */ = {
			isa = PBXShellScriptBuildPhase;
			buildActionMask = 2147483647;
			files = (
			);
			inputPaths = (
				"${SRCROOT}/Pods/Target Support Files/Pods-Caiva_iOS/Pods-Caiva_iOS-frameworks.sh",
				"${BUILT_PRODUCTS_DIR}/AlertHelperKit/AlertHelperKit.framework",
				"${BUILT_PRODUCTS_DIR}/Hero/Hero.framework",
				"${BUILT_PRODUCTS_DIR}/Realm/Realm.framework",
				"${BUILT_PRODUCTS_DIR}/RealmSwift/RealmSwift.framework",
				"${BUILT_PRODUCTS_DIR}/TapticEngine/TapticEngine.framework",
			);
			name = "[CP] Embed Pods Frameworks";
			outputPaths = (
				"${TARGET_BUILD_DIR}/${FRAMEWORKS_FOLDER_PATH}/AlertHelperKit.framework",
				"${TARGET_BUILD_DIR}/${FRAMEWORKS_FOLDER_PATH}/Hero.framework",
				"${TARGET_BUILD_DIR}/${FRAMEWORKS_FOLDER_PATH}/Realm.framework",
				"${TARGET_BUILD_DIR}/${FRAMEWORKS_FOLDER_PATH}/RealmSwift.framework",
				"${TARGET_BUILD_DIR}/${FRAMEWORKS_FOLDER_PATH}/TapticEngine.framework",
			);
			runOnlyForDeploymentPostprocessing = 0;
			shellPath = /bin/sh;
			shellScript = "\"${SRCROOT}/Pods/Target Support Files/Pods-Caiva_iOS/Pods-Caiva_iOS-frameworks.sh\"\n";
			showEnvVarsInLog = 0;
		};
		E43EF3008529CF935A3534CE /* [CP] Check Pods Manifest.lock */ = {
			isa = PBXShellScriptBuildPhase;
			buildActionMask = 2147483647;
			files = (
			);
			inputPaths = (
				"${PODS_PODFILE_DIR_PATH}/Podfile.lock",
				"${PODS_ROOT}/Manifest.lock",
			);
			name = "[CP] Check Pods Manifest.lock";
			outputPaths = (
				"$(DERIVED_FILE_DIR)/Pods-Caiva_iOS-checkManifestLockResult.txt",
			);
			runOnlyForDeploymentPostprocessing = 0;
			shellPath = /bin/sh;
			shellScript = "diff \"${PODS_PODFILE_DIR_PATH}/Podfile.lock\" \"${PODS_ROOT}/Manifest.lock\" > /dev/null\nif [ $? != 0 ] ; then\n    # print error to STDERR\n    echo \"error: The sandbox is not in sync with the Podfile.lock. Run 'pod install' or update your CocoaPods installation.\" >&2\n    exit 1\nfi\n# This output is used by Xcode 'outputs' to avoid re-running this script phase.\necho \"SUCCESS\" > \"${SCRIPT_OUTPUT_FILE_0}\"\n";
			showEnvVarsInLog = 0;
		};
/* End PBXShellScriptBuildPhase section */

/* Begin PBXSourcesBuildPhase section */
		440948BE20EAC67900C860E1 /* Sources */ = {
			isa = PBXSourcesBuildPhase;
			buildActionMask = 2147483647;
			files = (
				447DEA5B20EEB616004D64F8 /* Gradient.swift in Sources */,
				44F70F452112203C0043B15D /* TypeSelectionVC.swift in Sources */,
				44666BBB20F3FFC0007C6096 /* AddCardsetVC.swift in Sources */,
				44773D562114DDBD002C1B81 /* SessionVC.swift in Sources */,
				440948C820EAC67900C860E1 /* HomeVC.swift in Sources */,
				447DEA5420EEB471004D64F8 /* Cardset.swift in Sources */,
				44773D4A2113732E002C1B81 /* Quizset.swift in Sources */,
				44A4B2402111087800C6FEDD /* UIFont+Bestfit.swift in Sources */,
				44DAB814210A367F0069D315 /* UIView+RoundCorner.swift in Sources */,
				44F70F472112204C0043B15D /* QuizStartVC.swift in Sources */,
				44773D4E2113795C002C1B81 /* Array+Shuffle.swift in Sources */,
				44773D482112346A002C1B81 /* QuizQuestionVC.swift in Sources */,
				4435E22B210BB5D500FD042E /* CardsetInfoPlusButtonCell.swift in Sources */,
				44773D4C211373F9002C1B81 /* Quiz.swift in Sources */,
				44A4B23C210FB17B00C6FEDD /* Utility.swift in Sources */,
				44F70F43211122C40043B15D /* QuizService.swift in Sources */,
				44773D502114C97A002C1B81 /* UIView+Clone.swift in Sources */,
				440948C620EAC67900C860E1 /* AppDelegate.swift in Sources */,
				440DEEAA20F0111E003893F4 /* RealmHelper.swift in Sources */,
				440DEEA020EFE876003893F4 /* GradientView.swift in Sources */,
				447DEA5620EEB588004D64F8 /* HomeCardsetCell.swift in Sources */,
				44DAB816210A37630069D315 /* CardsetInfoCardCell.swift in Sources */,
				44773D542114DD13002C1B81 /* QuizResultVC.swift in Sources */,
				4435E229210B921100FD042E /* HomeNC.swift in Sources */,
				44A4B242211108F500C6FEDD /* UILabel+Bestfit.swift in Sources */,
				440DEEA420F006BA003893F4 /* SwiftHEXColors.swift in Sources */,
				44773D522114D2F7002C1B81 /* Array+Safe.swift in Sources */,
				44666BBD20F40506007C6096 /* CardsetInfoVC.swift in Sources */,
				44A4B23E210FBAC500C6FEDD /* SpeechHelper.swift in Sources */,
				440DEEA620F00950003893F4 /* Card.swift in Sources */,
			);
			runOnlyForDeploymentPostprocessing = 0;
		};
/* End PBXSourcesBuildPhase section */

/* Begin PBXVariantGroup section */
		440948C920EAC67900C860E1 /* Main.storyboard */ = {
			isa = PBXVariantGroup;
			children = (
				440948CA20EAC67900C860E1 /* Base */,
			);
			name = Main.storyboard;
			sourceTree = "<group>";
		};
		440948CE20EAC67900C860E1 /* LaunchScreen.storyboard */ = {
			isa = PBXVariantGroup;
			children = (
				440948CF20EAC67900C860E1 /* Base */,
			);
			name = LaunchScreen.storyboard;
			sourceTree = "<group>";
		};
/* End PBXVariantGroup section */

/* Begin XCBuildConfiguration section */
		440948D220EAC67900C860E1 /* Debug */ = {
			isa = XCBuildConfiguration;
			buildSettings = {
				ALWAYS_SEARCH_USER_PATHS = NO;
				CLANG_ANALYZER_NONNULL = YES;
				CLANG_ANALYZER_NUMBER_OBJECT_CONVERSION = YES_AGGRESSIVE;
				CLANG_CXX_LANGUAGE_STANDARD = "gnu++14";
				CLANG_CXX_LIBRARY = "libc++";
				CLANG_ENABLE_MODULES = YES;
				CLANG_ENABLE_OBJC_ARC = YES;
				CLANG_WARN_BLOCK_CAPTURE_AUTORELEASING = YES;
				CLANG_WARN_BOOL_CONVERSION = YES;
				CLANG_WARN_COMMA = YES;
				CLANG_WARN_CONSTANT_CONVERSION = YES;
				CLANG_WARN_DIRECT_OBJC_ISA_USAGE = YES_ERROR;
				CLANG_WARN_DOCUMENTATION_COMMENTS = YES;
				CLANG_WARN_EMPTY_BODY = YES;
				CLANG_WARN_ENUM_CONVERSION = YES;
				CLANG_WARN_INFINITE_RECURSION = YES;
				CLANG_WARN_INT_CONVERSION = YES;
				CLANG_WARN_NON_LITERAL_NULL_CONVERSION = YES;
				CLANG_WARN_OBJC_LITERAL_CONVERSION = YES;
				CLANG_WARN_OBJC_ROOT_CLASS = YES_ERROR;
				CLANG_WARN_RANGE_LOOP_ANALYSIS = YES;
				CLANG_WARN_STRICT_PROTOTYPES = YES;
				CLANG_WARN_SUSPICIOUS_MOVE = YES;
				CLANG_WARN_UNGUARDED_AVAILABILITY = YES_AGGRESSIVE;
				CLANG_WARN_UNREACHABLE_CODE = YES;
				CLANG_WARN__DUPLICATE_METHOD_MATCH = YES;
				CODE_SIGN_IDENTITY = "iPhone Developer";
				COPY_PHASE_STRIP = NO;
				DEBUG_INFORMATION_FORMAT = dwarf;
				ENABLE_STRICT_OBJC_MSGSEND = YES;
				ENABLE_TESTABILITY = YES;
				GCC_C_LANGUAGE_STANDARD = gnu11;
				GCC_DYNAMIC_NO_PIC = NO;
				GCC_NO_COMMON_BLOCKS = YES;
				GCC_OPTIMIZATION_LEVEL = 0;
				GCC_PREPROCESSOR_DEFINITIONS = (
					"DEBUG=1",
					"$(inherited)",
				);
				GCC_WARN_64_TO_32_BIT_CONVERSION = YES;
				GCC_WARN_ABOUT_RETURN_TYPE = YES_ERROR;
				GCC_WARN_UNDECLARED_SELECTOR = YES;
				GCC_WARN_UNINITIALIZED_AUTOS = YES_AGGRESSIVE;
				GCC_WARN_UNUSED_FUNCTION = YES;
				GCC_WARN_UNUSED_VARIABLE = YES;
				IPHONEOS_DEPLOYMENT_TARGET = 11.2;
				MTL_ENABLE_DEBUG_INFO = YES;
				ONLY_ACTIVE_ARCH = YES;
				SDKROOT = iphoneos;
				SWIFT_ACTIVE_COMPILATION_CONDITIONS = DEBUG;
				SWIFT_OPTIMIZATION_LEVEL = "-Onone";
			};
			name = Debug;
		};
		440948D320EAC67900C860E1 /* Release */ = {
			isa = XCBuildConfiguration;
			buildSettings = {
				ALWAYS_SEARCH_USER_PATHS = NO;
				CLANG_ANALYZER_NONNULL = YES;
				CLANG_ANALYZER_NUMBER_OBJECT_CONVERSION = YES_AGGRESSIVE;
				CLANG_CXX_LANGUAGE_STANDARD = "gnu++14";
				CLANG_CXX_LIBRARY = "libc++";
				CLANG_ENABLE_MODULES = YES;
				CLANG_ENABLE_OBJC_ARC = YES;
				CLANG_WARN_BLOCK_CAPTURE_AUTORELEASING = YES;
				CLANG_WARN_BOOL_CONVERSION = YES;
				CLANG_WARN_COMMA = YES;
				CLANG_WARN_CONSTANT_CONVERSION = YES;
				CLANG_WARN_DIRECT_OBJC_ISA_USAGE = YES_ERROR;
				CLANG_WARN_DOCUMENTATION_COMMENTS = YES;
				CLANG_WARN_EMPTY_BODY = YES;
				CLANG_WARN_ENUM_CONVERSION = YES;
				CLANG_WARN_INFINITE_RECURSION = YES;
				CLANG_WARN_INT_CONVERSION = YES;
				CLANG_WARN_NON_LITERAL_NULL_CONVERSION = YES;
				CLANG_WARN_OBJC_LITERAL_CONVERSION = YES;
				CLANG_WARN_OBJC_ROOT_CLASS = YES_ERROR;
				CLANG_WARN_RANGE_LOOP_ANALYSIS = YES;
				CLANG_WARN_STRICT_PROTOTYPES = YES;
				CLANG_WARN_SUSPICIOUS_MOVE = YES;
				CLANG_WARN_UNGUARDED_AVAILABILITY = YES_AGGRESSIVE;
				CLANG_WARN_UNREACHABLE_CODE = YES;
				CLANG_WARN__DUPLICATE_METHOD_MATCH = YES;
				CODE_SIGN_IDENTITY = "iPhone Developer";
				COPY_PHASE_STRIP = NO;
				DEBUG_INFORMATION_FORMAT = "dwarf-with-dsym";
				ENABLE_NS_ASSERTIONS = NO;
				ENABLE_STRICT_OBJC_MSGSEND = YES;
				GCC_C_LANGUAGE_STANDARD = gnu11;
				GCC_NO_COMMON_BLOCKS = YES;
				GCC_WARN_64_TO_32_BIT_CONVERSION = YES;
				GCC_WARN_ABOUT_RETURN_TYPE = YES_ERROR;
				GCC_WARN_UNDECLARED_SELECTOR = YES;
				GCC_WARN_UNINITIALIZED_AUTOS = YES_AGGRESSIVE;
				GCC_WARN_UNUSED_FUNCTION = YES;
				GCC_WARN_UNUSED_VARIABLE = YES;
				IPHONEOS_DEPLOYMENT_TARGET = 11.2;
				MTL_ENABLE_DEBUG_INFO = NO;
				SDKROOT = iphoneos;
				SWIFT_OPTIMIZATION_LEVEL = "-Owholemodule";
				VALIDATE_PRODUCT = YES;
			};
			name = Release;
		};
		440948D520EAC67900C860E1 /* Debug */ = {
			isa = XCBuildConfiguration;
			baseConfigurationReference = E2CAEBEF1F1155A6A3896D72 /* Pods-Caiva_iOS.debug.xcconfig */;
			buildSettings = {
				ASSETCATALOG_COMPILER_APPICON_NAME = AppIcon;
				CODE_SIGN_STYLE = Automatic;
				DEVELOPMENT_TEAM = E6247TCYCA;
				INFOPLIST_FILE = Caiva_iOS/Info.plist;
				LD_RUNPATH_SEARCH_PATHS = "$(inherited) @executable_path/Frameworks";
				PRODUCT_BUNDLE_IDENTIFIER = "jp.bluemountain.Caiva-iOS";
				PRODUCT_NAME = "$(TARGET_NAME)";
				SWIFT_VERSION = 4.0;
				TARGETED_DEVICE_FAMILY = "1,2";
			};
			name = Debug;
		};
		440948D620EAC67900C860E1 /* Release */ = {
			isa = XCBuildConfiguration;
			baseConfigurationReference = A4714CB34B78316538F042A2 /* Pods-Caiva_iOS.release.xcconfig */;
			buildSettings = {
				ASSETCATALOG_COMPILER_APPICON_NAME = AppIcon;
				CODE_SIGN_STYLE = Automatic;
				DEVELOPMENT_TEAM = E6247TCYCA;
				INFOPLIST_FILE = Caiva_iOS/Info.plist;
				LD_RUNPATH_SEARCH_PATHS = "$(inherited) @executable_path/Frameworks";
				PRODUCT_BUNDLE_IDENTIFIER = "jp.bluemountain.Caiva-iOS";
				PRODUCT_NAME = "$(TARGET_NAME)";
				SWIFT_VERSION = 4.0;
				TARGETED_DEVICE_FAMILY = "1,2";
			};
			name = Release;
		};
/* End XCBuildConfiguration section */

/* Begin XCConfigurationList section */
		440948BD20EAC67900C860E1 /* Build configuration list for PBXProject "Caiva_iOS" */ = {
			isa = XCConfigurationList;
			buildConfigurations = (
				440948D220EAC67900C860E1 /* Debug */,
				440948D320EAC67900C860E1 /* Release */,
			);
			defaultConfigurationIsVisible = 0;
			defaultConfigurationName = Release;
		};
		440948D420EAC67900C860E1 /* Build configuration list for PBXNativeTarget "Caiva_iOS" */ = {
			isa = XCConfigurationList;
			buildConfigurations = (
				440948D520EAC67900C860E1 /* Debug */,
				440948D620EAC67900C860E1 /* Release */,
			);
			defaultConfigurationIsVisible = 0;
			defaultConfigurationName = Release;
		};
/* End XCConfigurationList section */
	};
	rootObject = 440948BA20EAC67900C860E1 /* Project object */;
}
